
Microsoft Visual Studio Solution File, Format Version 12.00
# Visual Studio Version 16
VisualStudioVersion = 16.0.29409.12
MinimumVisualStudioVersion = 10.0.40219.1
Project("{FAE04EC0-301F-11D3-BF4B-00C04F79EFBC}") = "TryingNullable", "TryingNullable\TryingNullable.csproj", "{94827EF2-3206-4654-9655-5656714422B2}"
EndProject
Global
	GlobalSection(SolutionConfigurationPlatforms) = preSolution
		Debug|Any CPU = Debug|Any CPU
		Release|Any CPU = Release|Any CPU
	EndGlobalSection
	GlobalSection(ProjectConfigurationPlatforms) = postSolution
		{94827EF2-3206-4654-9655-5656714422B2}.Debug|Any CPU.ActiveCfg = Debug|Any CPU
		{94827EF2-3206-4654-9655-5656714422B2}.Debug|Any CPU.Build.0 = Debug|Any CPU
		{94827EF2-3206-4654-9655-5656714422B2}.Release|Any CPU.ActiveCfg = Release|Any CPU
		{94827EF2-3206-4654-9655-5656714422B2}.Release|Any CPU.Build.0 = Release|Any CPU
	EndGlobalSection
	GlobalSection(SolutionProperties) = preSolution
		HideSolutionNode = FALSE
	EndGlobalSection
	GlobalSection(ExtensibilityGlobals) = postSolution
		SolutionGuid = {413D6018-4388-4029-B984-90B0CE8FB54C}
	EndGlobalSection
EndGlobal
